
Microsoft Visual Studio Solution File, Format Version 12.00
# Visual Studio 2017
Project("{FAE04EC0-301F-11D3-BF4B-00C04F79EFBC}") = "DBZ", "DBZ.csproj", "{17109E7F-87A8-3B36-A27E-E739C5FF8D57}"
EndProject
Global
	GlobalSection(SolutionConfigurationPlatforms) = preSolution
		Debug|Any CPU = Debug|Any CPU
		Release|Any CPU = Release|Any CPU
	EndGlobalSection
	GlobalSection(ProjectConfigurationPlatforms) = postSolution
		{17109E7F-87A8-3B36-A27E-E739C5FF8D57}.Debug|Any CPU.ActiveCfg = Debug|Any CPU
		{17109E7F-87A8-3B36-A27E-E739C5FF8D57}.Debug|Any CPU.Build.0 = Debug|Any CPU
		{17109E7F-87A8-3B36-A27E-E739C5FF8D57}.Release|Any CPU.ActiveCfg = Release|Any CPU
		{17109E7F-87A8-3B36-A27E-E739C5FF8D57}.Release|Any CPU.Build.0 = Release|Any CPU
	EndGlobalSection
	GlobalSection(SolutionProperties) = preSolution
		HideSolutionNode = FALSE
	EndGlobalSection
EndGlobal
